// !$*UTF8*$!
{
	archiveVersion = 1;
	classes = {
	};
	objectVersion = 46;
	objects = {

/* Begin PBXBuildFile section */
		6625AFBDF8F835DD8A2B8E38 /* Pods_OnTheMap.framework in Frameworks */ = {isa = PBXBuildFile; fileRef = 138836C543628C8231ED654B /* Pods_OnTheMap.framework */; };
		9679D9F11D4FB8850044694B /* Constants.swift in Sources */ = {isa = PBXBuildFile; fileRef = 9679D9F01D4FB8850044694B /* Constants.swift */; };
		9679D9F51D4FBA670044694B /* MapViewController.swift in Sources */ = {isa = PBXBuildFile; fileRef = 9679D9F41D4FBA670044694B /* MapViewController.swift */; };
		9679D9F71D4FBA8B0044694B /* ListViewController.swift in Sources */ = {isa = PBXBuildFile; fileRef = 9679D9F61D4FBA8B0044694B /* ListViewController.swift */; };
		9679D9F91D4FBCCD0044694B /* StudentDataSource.swift in Sources */ = {isa = PBXBuildFile; fileRef = 9679D9F81D4FBCCD0044694B /* StudentDataSource.swift */; };
		9679D9FB1D4FC2A80044694B /* MKPointAnnotation.swift in Sources */ = {isa = PBXBuildFile; fileRef = 9679D9FA1D4FC2A80044694B /* MKPointAnnotation.swift */; };
		9679DA081D50DDA10044694B /* NameAware.Conformance.swift in Sources */ = {isa = PBXBuildFile; fileRef = 9679DA071D50DDA10044694B /* NameAware.Conformance.swift */; };
		9679DA0A1D50DE3F0044694B /* PostViewController.swift in Sources */ = {isa = PBXBuildFile; fileRef = 9679DA091D50DE3F0044694B /* PostViewController.swift */; };
		968484B61D37E34C0011D3AE /* AppDelegate.swift in Sources */ = {isa = PBXBuildFile; fileRef = 968484B51D37E34C0011D3AE /* AppDelegate.swift */; };
		968484B81D37E34C0011D3AE /* ViewController.swift in Sources */ = {isa = PBXBuildFile; fileRef = 968484B71D37E34C0011D3AE /* ViewController.swift */; };
		968484BB1D37E34C0011D3AE /* Main.storyboard in Resources */ = {isa = PBXBuildFile; fileRef = 968484B91D37E34C0011D3AE /* Main.storyboard */; };
		968484BD1D37E34C0011D3AE /* Assets.xcassets in Resources */ = {isa = PBXBuildFile; fileRef = 968484BC1D37E34C0011D3AE /* Assets.xcassets */; };
		968484C01D37E34C0011D3AE /* LaunchScreen.storyboard in Resources */ = {isa = PBXBuildFile; fileRef = 968484BE1D37E34C0011D3AE /* LaunchScreen.storyboard */; };
		968484CB1D37E34C0011D3AE /* OnTheMapTests.swift in Sources */ = {isa = PBXBuildFile; fileRef = 968484CA1D37E34C0011D3AE /* OnTheMapTests.swift */; };
		968484D61D37E34C0011D3AE /* OnTheMapUITests.swift in Sources */ = {isa = PBXBuildFile; fileRef = 968484D51D37E34C0011D3AE /* OnTheMapUITests.swift */; };
		968484E71D414DD70011D3AE /* StudentLocation.swift in Sources */ = {isa = PBXBuildFile; fileRef = 968484E61D414DD70011D3AE /* StudentLocation.swift */; };
		968484EA1D4268A60011D3AE /* UdacityClient.swift in Sources */ = {isa = PBXBuildFile; fileRef = 968484E91D4268A60011D3AE /* UdacityClient.swift */; };
		968484EC1D4268BE0011D3AE /* ParseClient.swift in Sources */ = {isa = PBXBuildFile; fileRef = 968484EB1D4268BE0011D3AE /* ParseClient.swift */; };
		968484EE1D4268E00011D3AE /* UdacityConvenience.swift in Sources */ = {isa = PBXBuildFile; fileRef = 968484ED1D4268E00011D3AE /* UdacityConvenience.swift */; };
		968484F01D426B920011D3AE /* UdacityConstants.swift in Sources */ = {isa = PBXBuildFile; fileRef = 968484EF1D426B920011D3AE /* UdacityConstants.swift */; };
		968484F21D42727E0011D3AE /* ParseConstants.swift in Sources */ = {isa = PBXBuildFile; fileRef = 968484F11D42727E0011D3AE /* ParseConstants.swift */; };
		968484F51D427FF50011D3AE /* String.swift in Sources */ = {isa = PBXBuildFile; fileRef = 968484F41D427FF50011D3AE /* String.swift */; };
		968484F71D4292C80011D3AE /* HTTPMethod.swift in Sources */ = {isa = PBXBuildFile; fileRef = 968484F61D4292C80011D3AE /* HTTPMethod.swift */; };
		968484FB1D4298980011D3AE /* ParseConvenience.swift in Sources */ = {isa = PBXBuildFile; fileRef = 968484FA1D4298980011D3AE /* ParseConvenience.swift */; };
		968485011D42A5630011D3AE /* Account.swift in Sources */ = {isa = PBXBuildFile; fileRef = 968485001D42A5630011D3AE /* Account.swift */; };
		968485031D42A6750011D3AE /* FBClient.swift in Sources */ = {isa = PBXBuildFile; fileRef = 968485021D42A6750011D3AE /* FBClient.swift */; };
		968485061D42B5EB0011D3AE /* LoginViewController.swift in Sources */ = {isa = PBXBuildFile; fileRef = 968485051D42B5EB0011D3AE /* LoginViewController.swift */; };
		968485091D4693FD0011D3AE /* NameAware.swift in Sources */ = {isa = PBXBuildFile; fileRef = 968485081D4693FD0011D3AE /* NameAware.swift */; };
		9684850B1D4697420011D3AE /* Color.swift in Sources */ = {isa = PBXBuildFile; fileRef = 9684850A1D4697420011D3AE /* Color.swift */; };
		9684850D1D46A2790011D3AE /* UITextField.swift in Sources */ = {isa = PBXBuildFile; fileRef = 9684850C1D46A2790011D3AE /* UITextField.swift */; };
		9684850F1D46A5FE0011D3AE /* NSURL.swift in Sources */ = {isa = PBXBuildFile; fileRef = 9684850E1D46A5FE0011D3AE /* NSURL.swift */; };
		968485171D47CC6A0011D3AE /* OTMNetworkError.swift in Sources */ = {isa = PBXBuildFile; fileRef = 968485161D47CC6A0011D3AE /* OTMNetworkError.swift */; };
		968485191D47E6550011D3AE /* UI.swift in Sources */ = {isa = PBXBuildFile; fileRef = 968485181D47E6550011D3AE /* UI.swift */; };
/* End PBXBuildFile section */

/* Begin PBXContainerItemProxy section */
		968484C71D37E34C0011D3AE /* PBXContainerItemProxy */ = {
			isa = PBXContainerItemProxy;
			containerPortal = 968484AA1D37E34C0011D3AE /* Project object */;
			proxyType = 1;
			remoteGlobalIDString = 968484B11D37E34C0011D3AE;
			remoteInfo = OnTheMap;
		};
		968484D21D37E34C0011D3AE /* PBXContainerItemProxy */ = {
			isa = PBXContainerItemProxy;
			containerPortal = 968484AA1D37E34C0011D3AE /* Project object */;
			proxyType = 1;
			remoteGlobalIDString = 968484B11D37E34C0011D3AE;
			remoteInfo = OnTheMap;
		};
/* End PBXContainerItemProxy section */

/* Begin PBXFileReference section */
		1098B4C29023652D51DA4B6C /* Pods-OnTheMap.release.xcconfig */ = {isa = PBXFileReference; includeInIndex = 1; lastKnownFileType = text.xcconfig; name = "Pods-OnTheMap.release.xcconfig"; path = "Pods/Target Support Files/Pods-OnTheMap/Pods-OnTheMap.release.xcconfig"; sourceTree = "<group>"; };
		138836C543628C8231ED654B /* Pods_OnTheMap.framework */ = {isa = PBXFileReference; explicitFileType = wrapper.framework; includeInIndex = 0; path = Pods_OnTheMap.framework; sourceTree = BUILT_PRODUCTS_DIR; };
		33614CF52150CCDDFE2C6C50 /* Pods-OnTheMap.debug.xcconfig */ = {isa = PBXFileReference; includeInIndex = 1; lastKnownFileType = text.xcconfig; name = "Pods-OnTheMap.debug.xcconfig"; path = "Pods/Target Support Files/Pods-OnTheMap/Pods-OnTheMap.debug.xcconfig"; sourceTree = "<group>"; };
		9679D9F01D4FB8850044694B /* Constants.swift */ = {isa = PBXFileReference; fileEncoding = 4; lastKnownFileType = sourcecode.swift; path = Constants.swift; sourceTree = "<group>"; };
		9679D9F41D4FBA670044694B /* MapViewController.swift */ = {isa = PBXFileReference; fileEncoding = 4; lastKnownFileType = sourcecode.swift; path = MapViewController.swift; sourceTree = "<group>"; };
		9679D9F61D4FBA8B0044694B /* ListViewController.swift */ = {isa = PBXFileReference; fileEncoding = 4; lastKnownFileType = sourcecode.swift; path = ListViewController.swift; sourceTree = "<group>"; };
		9679D9F81D4FBCCD0044694B /* StudentDataSource.swift */ = {isa = PBXFileReference; fileEncoding = 4; lastKnownFileType = sourcecode.swift; path = StudentDataSource.swift; sourceTree = "<group>"; };
		9679D9FA1D4FC2A80044694B /* MKPointAnnotation.swift */ = {isa = PBXFileReference; fileEncoding = 4; lastKnownFileType = sourcecode.swift; path = MKPointAnnotation.swift; sourceTree = "<group>"; };
		9679DA071D50DDA10044694B /* NameAware.Conformance.swift */ = {isa = PBXFileReference; fileEncoding = 4; lastKnownFileType = sourcecode.swift; path = NameAware.Conformance.swift; sourceTree = "<group>"; };
		9679DA091D50DE3F0044694B /* PostViewController.swift */ = {isa = PBXFileReference; fileEncoding = 4; lastKnownFileType = sourcecode.swift; path = PostViewController.swift; sourceTree = "<group>"; };
		968484B21D37E34C0011D3AE /* OnTheMap.app */ = {isa = PBXFileReference; explicitFileType = wrapper.application; includeInIndex = 0; path = OnTheMap.app; sourceTree = BUILT_PRODUCTS_DIR; };
		968484B51D37E34C0011D3AE /* AppDelegate.swift */ = {isa = PBXFileReference; lastKnownFileType = sourcecode.swift; path = AppDelegate.swift; sourceTree = "<group>"; };
		968484B71D37E34C0011D3AE /* ViewController.swift */ = {isa = PBXFileReference; lastKnownFileType = sourcecode.swift; path = ViewController.swift; sourceTree = "<group>"; };
		968484BA1D37E34C0011D3AE /* Base */ = {isa = PBXFileReference; lastKnownFileType = file.storyboard; name = Base; path = Base.lproj/Main.storyboard; sourceTree = "<group>"; };
		968484BC1D37E34C0011D3AE /* Assets.xcassets */ = {isa = PBXFileReference; lastKnownFileType = folder.assetcatalog; path = Assets.xcassets; sourceTree = "<group>"; };
		968484BF1D37E34C0011D3AE /* Base */ = {isa = PBXFileReference; lastKnownFileType = file.storyboard; name = Base; path = Base.lproj/LaunchScreen.storyboard; sourceTree = "<group>"; };
		968484C11D37E34C0011D3AE /* Info.plist */ = {isa = PBXFileReference; lastKnownFileType = text.plist.xml; path = Info.plist; sourceTree = "<group>"; };
		968484C61D37E34C0011D3AE /* OnTheMapTests.xctest */ = {isa = PBXFileReference; explicitFileType = wrapper.cfbundle; includeInIndex = 0; path = OnTheMapTests.xctest; sourceTree = BUILT_PRODUCTS_DIR; };
		968484CA1D37E34C0011D3AE /* OnTheMapTests.swift */ = {isa = PBXFileReference; lastKnownFileType = sourcecode.swift; path = OnTheMapTests.swift; sourceTree = "<group>"; };
		968484CC1D37E34C0011D3AE /* Info.plist */ = {isa = PBXFileReference; lastKnownFileType = text.plist.xml; path = Info.plist; sourceTree = "<group>"; };
		968484D11D37E34C0011D3AE /* OnTheMapUITests.xctest */ = {isa = PBXFileReference; explicitFileType = wrapper.cfbundle; includeInIndex = 0; path = OnTheMapUITests.xctest; sourceTree = BUILT_PRODUCTS_DIR; };
		968484D51D37E34C0011D3AE /* OnTheMapUITests.swift */ = {isa = PBXFileReference; lastKnownFileType = sourcecode.swift; path = OnTheMapUITests.swift; sourceTree = "<group>"; };
		968484D71D37E34C0011D3AE /* Info.plist */ = {isa = PBXFileReference; lastKnownFileType = text.plist.xml; path = Info.plist; sourceTree = "<group>"; };
		968484E61D414DD70011D3AE /* StudentLocation.swift */ = {isa = PBXFileReference; fileEncoding = 4; lastKnownFileType = sourcecode.swift; path = StudentLocation.swift; sourceTree = "<group>"; };
		968484E91D4268A60011D3AE /* UdacityClient.swift */ = {isa = PBXFileReference; fileEncoding = 4; lastKnownFileType = sourcecode.swift; path = UdacityClient.swift; sourceTree = "<group>"; };
		968484EB1D4268BE0011D3AE /* ParseClient.swift */ = {isa = PBXFileReference; fileEncoding = 4; lastKnownFileType = sourcecode.swift; path = ParseClient.swift; sourceTree = "<group>"; };
		968484ED1D4268E00011D3AE /* UdacityConvenience.swift */ = {isa = PBXFileReference; fileEncoding = 4; lastKnownFileType = sourcecode.swift; path = UdacityConvenience.swift; sourceTree = "<group>"; };
		968484EF1D426B920011D3AE /* UdacityConstants.swift */ = {isa = PBXFileReference; fileEncoding = 4; lastKnownFileType = sourcecode.swift; path = UdacityConstants.swift; sourceTree = "<group>"; };
		968484F11D42727E0011D3AE /* ParseConstants.swift */ = {isa = PBXFileReference; fileEncoding = 4; lastKnownFileType = sourcecode.swift; path = ParseConstants.swift; sourceTree = "<group>"; };
		968484F41D427FF50011D3AE /* String.swift */ = {isa = PBXFileReference; fileEncoding = 4; lastKnownFileType = sourcecode.swift; path = String.swift; sourceTree = "<group>"; };
		968484F61D4292C80011D3AE /* HTTPMethod.swift */ = {isa = PBXFileReference; fileEncoding = 4; lastKnownFileType = sourcecode.swift; path = HTTPMethod.swift; sourceTree = "<group>"; };
		968484FA1D4298980011D3AE /* ParseConvenience.swift */ = {isa = PBXFileReference; fileEncoding = 4; lastKnownFileType = sourcecode.swift; path = ParseConvenience.swift; sourceTree = "<group>"; };
		968485001D42A5630011D3AE /* Account.swift */ = {isa = PBXFileReference; fileEncoding = 4; lastKnownFileType = sourcecode.swift; path = Account.swift; sourceTree = "<group>"; };
		968485021D42A6750011D3AE /* FBClient.swift */ = {isa = PBXFileReference; fileEncoding = 4; lastKnownFileType = sourcecode.swift; path = FBClient.swift; sourceTree = "<group>"; };
		968485051D42B5EB0011D3AE /* LoginViewController.swift */ = {isa = PBXFileReference; fileEncoding = 4; lastKnownFileType = sourcecode.swift; path = LoginViewController.swift; sourceTree = "<group>"; };
		968485081D4693FD0011D3AE /* NameAware.swift */ = {isa = PBXFileReference; fileEncoding = 4; lastKnownFileType = sourcecode.swift; path = NameAware.swift; sourceTree = "<group>"; };
		9684850A1D4697420011D3AE /* Color.swift */ = {isa = PBXFileReference; fileEncoding = 4; lastKnownFileType = sourcecode.swift; path = Color.swift; sourceTree = "<group>"; };
		9684850C1D46A2790011D3AE /* UITextField.swift */ = {isa = PBXFileReference; fileEncoding = 4; lastKnownFileType = sourcecode.swift; path = UITextField.swift; sourceTree = "<group>"; };
		9684850E1D46A5FE0011D3AE /* NSURL.swift */ = {isa = PBXFileReference; fileEncoding = 4; lastKnownFileType = sourcecode.swift; path = NSURL.swift; sourceTree = "<group>"; };
		968485161D47CC6A0011D3AE /* OTMNetworkError.swift */ = {isa = PBXFileReference; fileEncoding = 4; lastKnownFileType = sourcecode.swift; path = OTMNetworkError.swift; sourceTree = "<group>"; };
		968485181D47E6550011D3AE /* UI.swift */ = {isa = PBXFileReference; fileEncoding = 4; lastKnownFileType = sourcecode.swift; path = UI.swift; sourceTree = "<group>"; };
/* End PBXFileReference section */

/* Begin PBXFrameworksBuildPhase section */
		968484AF1D37E34C0011D3AE /* Frameworks */ = {
			isa = PBXFrameworksBuildPhase;
			buildActionMask = 2147483647;
			files = (
				6625AFBDF8F835DD8A2B8E38 /* Pods_OnTheMap.framework in Frameworks */,
			);
			runOnlyForDeploymentPostprocessing = 0;
		};
		968484C31D37E34C0011D3AE /* Frameworks */ = {
			isa = PBXFrameworksBuildPhase;
			buildActionMask = 2147483647;
			files = (
			);
			runOnlyForDeploymentPostprocessing = 0;
		};
		968484CE1D37E34C0011D3AE /* Frameworks */ = {
			isa = PBXFrameworksBuildPhase;
			buildActionMask = 2147483647;
			files = (
			);
			runOnlyForDeploymentPostprocessing = 0;
		};
/* End PBXFrameworksBuildPhase section */

/* Begin PBXGroup section */
		060D6AB5885FE15E2A6EE9D2 /* Frameworks */ = {
			isa = PBXGroup;
			children = (
				138836C543628C8231ED654B /* Pods_OnTheMap.framework */,
			);
			name = Frameworks;
			sourceTree = "<group>";
		};
		4D53A619E981E96776CACA97 /* Pods */ = {
			isa = PBXGroup;
			children = (
				33614CF52150CCDDFE2C6C50 /* Pods-OnTheMap.debug.xcconfig */,
				1098B4C29023652D51DA4B6C /* Pods-OnTheMap.release.xcconfig */,
			);
			name = Pods;
			sourceTree = "<group>";
		};
		968484A91D37E34C0011D3AE = {
			isa = PBXGroup;
			children = (
				968484B41D37E34C0011D3AE /* OnTheMap */,
				968484C91D37E34C0011D3AE /* OnTheMapTests */,
				968484D41D37E34C0011D3AE /* OnTheMapUITests */,
				968484B31D37E34C0011D3AE /* Products */,
				4D53A619E981E96776CACA97 /* Pods */,
				060D6AB5885FE15E2A6EE9D2 /* Frameworks */,
			);
			sourceTree = "<group>";
		};
		968484B31D37E34C0011D3AE /* Products */ = {
			isa = PBXGroup;
			children = (
				968484B21D37E34C0011D3AE /* OnTheMap.app */,
				968484C61D37E34C0011D3AE /* OnTheMapTests.xctest */,
				968484D11D37E34C0011D3AE /* OnTheMapUITests.xctest */,
			);
			name = Products;
			sourceTree = "<group>";
		};
		968484B41D37E34C0011D3AE /* OnTheMap */ = {
			isa = PBXGroup;
			children = (
				968485041D42B2960011D3AE /* Assets */,
				968484E51D414D130011D3AE /* Controller */,
				968484E41D414D0E0011D3AE /* View */,
				968484E31D414D080011D3AE /* Model */,
				968484B51D37E34C0011D3AE /* AppDelegate.swift */,
				968484B71D37E34C0011D3AE /* ViewController.swift */,
				968484C11D37E34C0011D3AE /* Info.plist */,
			);
			path = OnTheMap;
			sourceTree = "<group>";
		};
		968484C91D37E34C0011D3AE /* OnTheMapTests */ = {
			isa = PBXGroup;
			children = (
				968484CA1D37E34C0011D3AE /* OnTheMapTests.swift */,
				968484CC1D37E34C0011D3AE /* Info.plist */,
			);
			path = OnTheMapTests;
			sourceTree = "<group>";
		};
		968484D41D37E34C0011D3AE /* OnTheMapUITests */ = {
			isa = PBXGroup;
			children = (
				968484D51D37E34C0011D3AE /* OnTheMapUITests.swift */,
				968484D71D37E34C0011D3AE /* Info.plist */,
			);
			path = OnTheMapUITests;
			sourceTree = "<group>";
		};
		968484E31D414D080011D3AE /* Model */ = {
			isa = PBXGroup;
			children = (
				968484FD1D4298CE0011D3AE /* Model */,
				968484F31D427FE60011D3AE /* Extensions */,
				968484E81D4268910011D3AE /* Networking */,
				9679D9F01D4FB8850044694B /* Constants.swift */,
			);
			name = Model;
			sourceTree = "<group>";
		};
		968484E41D414D0E0011D3AE /* View */ = {
			isa = PBXGroup;
			children = (
				9684850A1D4697420011D3AE /* Color.swift */,
			);
			name = View;
			sourceTree = "<group>";
		};
		968484E51D414D130011D3AE /* Controller */ = {
			isa = PBXGroup;
			children = (
				968485071D4693ED0011D3AE /* Protocols */,
				968485051D42B5EB0011D3AE /* LoginViewController.swift */,
				9679D9F41D4FBA670044694B /* MapViewController.swift */,
				9679D9F61D4FBA8B0044694B /* ListViewController.swift */,
				9679D9F81D4FBCCD0044694B /* StudentDataSource.swift */,
				9679DA091D50DE3F0044694B /* PostViewController.swift */,
			);
			name = Controller;
			sourceTree = "<group>";
		};
		968484E81D4268910011D3AE /* Networking */ = {
			isa = PBXGroup;
			children = (
				968484F61D4292C80011D3AE /* HTTPMethod.swift */,
				968484E91D4268A60011D3AE /* UdacityClient.swift */,
				968484ED1D4268E00011D3AE /* UdacityConvenience.swift */,
				968484EF1D426B920011D3AE /* UdacityConstants.swift */,
				968484EB1D4268BE0011D3AE /* ParseClient.swift */,
				968484F11D42727E0011D3AE /* ParseConstants.swift */,
				968484FA1D4298980011D3AE /* ParseConvenience.swift */,
				968485021D42A6750011D3AE /* FBClient.swift */,
				968485161D47CC6A0011D3AE /* OTMNetworkError.swift */,
			);
			name = Networking;
			sourceTree = "<group>";
		};
		968484F31D427FE60011D3AE /* Extensions */ = {
			isa = PBXGroup;
			children = (
				968484F41D427FF50011D3AE /* String.swift */,
				9684850C1D46A2790011D3AE /* UITextField.swift */,
				9684850E1D46A5FE0011D3AE /* NSURL.swift */,
				9679D9FA1D4FC2A80044694B /* MKPointAnnotation.swift */,
			);
			name = Extensions;
			sourceTree = "<group>";
		};
		968484FD1D4298CE0011D3AE /* Model */ = {
			isa = PBXGroup;
			children = (
				968484E61D414DD70011D3AE /* StudentLocation.swift */,
				968485001D42A5630011D3AE /* Account.swift */,
				968485181D47E6550011D3AE /* UI.swift */,
			);
			name = Model;
			sourceTree = "<group>";
		};
		968485041D42B2960011D3AE /* Assets */ = {
			isa = PBXGroup;
			children = (
				968484BE1D37E34C0011D3AE /* LaunchScreen.storyboard */,
				968484B91D37E34C0011D3AE /* Main.storyboard */,
				968484BC1D37E34C0011D3AE /* Assets.xcassets */,
			);
			name = Assets;
			sourceTree = "<group>";
		};
		968485071D4693ED0011D3AE /* Protocols */ = {
			isa = PBXGroup;
			children = (
				968485081D4693FD0011D3AE /* NameAware.swift */,
				9679DA071D50DDA10044694B /* NameAware.Conformance.swift */,
			);
			name = Protocols;
			sourceTree = "<group>";
		};
/* End PBXGroup section */

/* Begin PBXNativeTarget section */
		968484B11D37E34C0011D3AE /* OnTheMap */ = {
			isa = PBXNativeTarget;
			buildConfigurationList = 968484DA1D37E34C0011D3AE /* Build configuration list for PBXNativeTarget "OnTheMap" */;
			buildPhases = (
				2270EBB5427583AA146B5371 /* Check Pods Manifest.lock */,
				968484AE1D37E34C0011D3AE /* Sources */,
				968484AF1D37E34C0011D3AE /* Frameworks */,
				968484B01D37E34C0011D3AE /* Resources */,
				2A9307F1292F4251D66A74A6 /* Embed Pods Frameworks */,
				40F0D9CD877A879562329626 /* Copy Pods Resources */,
			);
			buildRules = (
			);
			dependencies = (
			);
			name = OnTheMap;
			productName = OnTheMap;
			productReference = 968484B21D37E34C0011D3AE /* OnTheMap.app */;
			productType = "com.apple.product-type.application";
		};
		968484C51D37E34C0011D3AE /* OnTheMapTests */ = {
			isa = PBXNativeTarget;
			buildConfigurationList = 968484DD1D37E34C0011D3AE /* Build configuration list for PBXNativeTarget "OnTheMapTests" */;
			buildPhases = (
				968484C21D37E34C0011D3AE /* Sources */,
				968484C31D37E34C0011D3AE /* Frameworks */,
				968484C41D37E34C0011D3AE /* Resources */,
			);
			buildRules = (
			);
			dependencies = (
				968484C81D37E34C0011D3AE /* PBXTargetDependency */,
			);
			name = OnTheMapTests;
			productName = OnTheMapTests;
			productReference = 968484C61D37E34C0011D3AE /* OnTheMapTests.xctest */;
			productType = "com.apple.product-type.bundle.unit-test";
		};
		968484D01D37E34C0011D3AE /* OnTheMapUITests */ = {
			isa = PBXNativeTarget;
			buildConfigurationList = 968484E01D37E34C0011D3AE /* Build configuration list for PBXNativeTarget "OnTheMapUITests" */;
			buildPhases = (
				968484CD1D37E34C0011D3AE /* Sources */,
				968484CE1D37E34C0011D3AE /* Frameworks */,
				968484CF1D37E34C0011D3AE /* Resources */,
			);
			buildRules = (
			);
			dependencies = (
				968484D31D37E34C0011D3AE /* PBXTargetDependency */,
			);
			name = OnTheMapUITests;
			productName = OnTheMapUITests;
			productReference = 968484D11D37E34C0011D3AE /* OnTheMapUITests.xctest */;
			productType = "com.apple.product-type.bundle.ui-testing";
		};
/* End PBXNativeTarget section */

/* Begin PBXProject section */
		968484AA1D37E34C0011D3AE /* Project object */ = {
			isa = PBXProject;
			attributes = {
				LastSwiftUpdateCheck = 0730;
				LastUpgradeCheck = 0730;
				ORGANIZATIONNAME = "Joshua Kelley";
				TargetAttributes = {
					968484B11D37E34C0011D3AE = {
						CreatedOnToolsVersion = 7.3.1;
					};
					968484C51D37E34C0011D3AE = {
						CreatedOnToolsVersion = 7.3.1;
						TestTargetID = 968484B11D37E34C0011D3AE;
					};
					968484D01D37E34C0011D3AE = {
						CreatedOnToolsVersion = 7.3.1;
						TestTargetID = 968484B11D37E34C0011D3AE;
					};
				};
			};
			buildConfigurationList = 968484AD1D37E34C0011D3AE /* Build configuration list for PBXProject "OnTheMap" */;
			compatibilityVersion = "Xcode 3.2";
			developmentRegion = English;
			hasScannedForEncodings = 0;
			knownRegions = (
				en,
				Base,
			);
			mainGroup = 968484A91D37E34C0011D3AE;
			productRefGroup = 968484B31D37E34C0011D3AE /* Products */;
			projectDirPath = "";
			projectRoot = "";
			targets = (
				968484B11D37E34C0011D3AE /* OnTheMap */,
				968484C51D37E34C0011D3AE /* OnTheMapTests */,
				968484D01D37E34C0011D3AE /* OnTheMapUITests */,
			);
		};
/* End PBXProject section */

/* Begin PBXResourcesBuildPhase section */
		968484B01D37E34C0011D3AE /* Resources */ = {
			isa = PBXResourcesBuildPhase;
			buildActionMask = 2147483647;
			files = (
				968484C01D37E34C0011D3AE /* LaunchScreen.storyboard in Resources */,
				968484BD1D37E34C0011D3AE /* Assets.xcassets in Resources */,
				968484BB1D37E34C0011D3AE /* Main.storyboard in Resources */,
			);
			runOnlyForDeploymentPostprocessing = 0;
		};
		968484C41D37E34C0011D3AE /* Resources */ = {
			isa = PBXResourcesBuildPhase;
			buildActionMask = 2147483647;
			files = (
			);
			runOnlyForDeploymentPostprocessing = 0;
		};
		968484CF1D37E34C0011D3AE /* Resources */ = {
			isa = PBXResourcesBuildPhase;
			buildActionMask = 2147483647;
			files = (
			);
			runOnlyForDeploymentPostprocessing = 0;
		};
/* End PBXResourcesBuildPhase section */

/* Begin PBXShellScriptBuildPhase section */
		2270EBB5427583AA146B5371 /* Check Pods Manifest.lock */ = {
			isa = PBXShellScriptBuildPhase;
			buildActionMask = 2147483647;
			files = (
			);
			inputPaths = (
			);
			name = "Check Pods Manifest.lock";
			outputPaths = (
			);
			runOnlyForDeploymentPostprocessing = 0;
			shellPath = /bin/sh;
			shellScript = "diff \"${PODS_ROOT}/../Podfile.lock\" \"${PODS_ROOT}/Manifest.lock\" > /dev/null\nif [[ $? != 0 ]] ; then\n    cat << EOM\nerror: The sandbox is not in sync with the Podfile.lock. Run 'pod install' or update your CocoaPods installation.\nEOM\n    exit 1\nfi\n";
			showEnvVarsInLog = 0;
		};
		2A9307F1292F4251D66A74A6 /* Embed Pods Frameworks */ = {
			isa = PBXShellScriptBuildPhase;
			buildActionMask = 2147483647;
			files = (
			);
			inputPaths = (
			);
			name = "Embed Pods Frameworks";
			outputPaths = (
			);
			runOnlyForDeploymentPostprocessing = 0;
			shellPath = /bin/sh;
			shellScript = "\"${SRCROOT}/Pods/Target Support Files/Pods-OnTheMap/Pods-OnTheMap-frameworks.sh\"\n";
			showEnvVarsInLog = 0;
		};
		40F0D9CD877A879562329626 /* Copy Pods Resources */ = {
			isa = PBXShellScriptBuildPhase;
			buildActionMask = 2147483647;
			files = (
			);
			inputPaths = (
			);
			name = "Copy Pods Resources";
			outputPaths = (
			);
			runOnlyForDeploymentPostprocessing = 0;
			shellPath = /bin/sh;
			shellScript = "\"${SRCROOT}/Pods/Target Support Files/Pods-OnTheMap/Pods-OnTheMap-resources.sh\"\n";
			showEnvVarsInLog = 0;
		};
/* End PBXShellScriptBuildPhase section */

/* Begin PBXSourcesBuildPhase section */
		968484AE1D37E34C0011D3AE /* Sources */ = {
			isa = PBXSourcesBuildPhase;
			buildActionMask = 2147483647;
			files = (
				968485061D42B5EB0011D3AE /* LoginViewController.swift in Sources */,
				968484FB1D4298980011D3AE /* ParseConvenience.swift in Sources */,
				968485091D4693FD0011D3AE /* NameAware.swift in Sources */,
				968484EA1D4268A60011D3AE /* UdacityClient.swift in Sources */,
				9679D9F91D4FBCCD0044694B /* StudentDataSource.swift in Sources */,
				968484F01D426B920011D3AE /* UdacityConstants.swift in Sources */,
				9684850B1D4697420011D3AE /* Color.swift in Sources */,
				968485191D47E6550011D3AE /* UI.swift in Sources */,
				9684850F1D46A5FE0011D3AE /* NSURL.swift in Sources */,
				968484EC1D4268BE0011D3AE /* ParseClient.swift in Sources */,
				968485171D47CC6A0011D3AE /* OTMNetworkError.swift in Sources */,
				968484F51D427FF50011D3AE /* String.swift in Sources */,
				9679D9F51D4FBA670044694B /* MapViewController.swift in Sources */,
				9679D9FB1D4FC2A80044694B /* MKPointAnnotation.swift in Sources */,
				9679D9F11D4FB8850044694B /* Constants.swift in Sources */,
				968485031D42A6750011D3AE /* FBClient.swift in Sources */,
				9679DA081D50DDA10044694B /* NameAware.Conformance.swift in Sources */,
				968484E71D414DD70011D3AE /* StudentLocation.swift in Sources */,
				9679DA0A1D50DE3F0044694B /* PostViewController.swift in Sources */,
				9679D9F71D4FBA8B0044694B /* ListViewController.swift in Sources */,
				968484B81D37E34C0011D3AE /* ViewController.swift in Sources */,
				968484EE1D4268E00011D3AE /* UdacityConvenience.swift in Sources */,
				968485011D42A5630011D3AE /* Account.swift in Sources */,
				968484B61D37E34C0011D3AE /* AppDelegate.swift in Sources */,
				968484F71D4292C80011D3AE /* HTTPMethod.swift in Sources */,
				9684850D1D46A2790011D3AE /* UITextField.swift in Sources */,
				968484F21D42727E0011D3AE /* ParseConstants.swift in Sources */,
			);
			runOnlyForDeploymentPostprocessing = 0;
		};
		968484C21D37E34C0011D3AE /* Sources */ = {
			isa = PBXSourcesBuildPhase;
			buildActionMask = 2147483647;
			files = (
				968484CB1D37E34C0011D3AE /* OnTheMapTests.swift in Sources */,
			);
			runOnlyForDeploymentPostprocessing = 0;
		};
		968484CD1D37E34C0011D3AE /* Sources */ = {
			isa = PBXSourcesBuildPhase;
			buildActionMask = 2147483647;
			files = (
				968484D61D37E34C0011D3AE /* OnTheMapUITests.swift in Sources */,
			);
			runOnlyForDeploymentPostprocessing = 0;
		};
/* End PBXSourcesBuildPhase section */

/* Begin PBXTargetDependency section */
		968484C81D37E34C0011D3AE /* PBXTargetDependency */ = {
			isa = PBXTargetDependency;
			target = 968484B11D37E34C0011D3AE /* OnTheMap */;
			targetProxy = 968484C71D37E34C0011D3AE /* PBXContainerItemProxy */;
		};
		968484D31D37E34C0011D3AE /* PBXTargetDependency */ = {
			isa = PBXTargetDependency;
			target = 968484B11D37E34C0011D3AE /* OnTheMap */;
			targetProxy = 968484D21D37E34C0011D3AE /* PBXContainerItemProxy */;
		};
/* End PBXTargetDependency section */

/* Begin PBXVariantGroup section */
		968484B91D37E34C0011D3AE /* Main.storyboard */ = {
			isa = PBXVariantGroup;
			children = (
				968484BA1D37E34C0011D3AE /* Base */,
			);
			name = Main.storyboard;
			sourceTree = "<group>";
		};
		968484BE1D37E34C0011D3AE /* LaunchScreen.storyboard */ = {
			isa = PBXVariantGroup;
			children = (
				968484BF1D37E34C0011D3AE /* Base */,
			);
			name = LaunchScreen.storyboard;
			sourceTree = "<group>";
		};
/* End PBXVariantGroup section */

/* Begin XCBuildConfiguration section */
		968484D81D37E34C0011D3AE /* Debug */ = {
			isa = XCBuildConfiguration;
			buildSettings = {
				ALWAYS_SEARCH_USER_PATHS = NO;
				CLANG_ANALYZER_NONNULL = YES;
				CLANG_CXX_LANGUAGE_STANDARD = "gnu++0x";
				CLANG_CXX_LIBRARY = "libc++";
				CLANG_ENABLE_MODULES = YES;
				CLANG_ENABLE_OBJC_ARC = YES;
				CLANG_WARN_BOOL_CONVERSION = YES;
				CLANG_WARN_CONSTANT_CONVERSION = YES;
				CLANG_WARN_DIRECT_OBJC_ISA_USAGE = YES_ERROR;
				CLANG_WARN_EMPTY_BODY = YES;
				CLANG_WARN_ENUM_CONVERSION = YES;
				CLANG_WARN_INT_CONVERSION = YES;
				CLANG_WARN_OBJC_ROOT_CLASS = YES_ERROR;
				CLANG_WARN_UNREACHABLE_CODE = YES;
				CLANG_WARN__DUPLICATE_METHOD_MATCH = YES;
				"CODE_SIGN_IDENTITY[sdk=iphoneos*]" = "iPhone Developer";
				COPY_PHASE_STRIP = NO;
				DEBUG_INFORMATION_FORMAT = dwarf;
				ENABLE_STRICT_OBJC_MSGSEND = YES;
				ENABLE_TESTABILITY = YES;
				GCC_C_LANGUAGE_STANDARD = gnu99;
				GCC_DYNAMIC_NO_PIC = NO;
				GCC_NO_COMMON_BLOCKS = YES;
				GCC_OPTIMIZATION_LEVEL = 0;
				GCC_PREPROCESSOR_DEFINITIONS = (
					"DEBUG=1",
					"$(inherited)",
				);
				GCC_WARN_64_TO_32_BIT_CONVERSION = YES;
				GCC_WARN_ABOUT_RETURN_TYPE = YES_ERROR;
				GCC_WARN_UNDECLARED_SELECTOR = YES;
				GCC_WARN_UNINITIALIZED_AUTOS = YES_AGGRESSIVE;
				GCC_WARN_UNUSED_FUNCTION = YES;
				GCC_WARN_UNUSED_VARIABLE = YES;
				IPHONEOS_DEPLOYMENT_TARGET = 9.3;
				MTL_ENABLE_DEBUG_INFO = YES;
				ONLY_ACTIVE_ARCH = YES;
				SDKROOT = iphoneos;
				SWIFT_OPTIMIZATION_LEVEL = "-Onone";
				TARGETED_DEVICE_FAMILY = "1,2";
			};
			name = Debug;
		};
		968484D91D37E34C0011D3AE /* Release */ = {
			isa = XCBuildConfiguration;
			buildSettings = {
				ALWAYS_SEARCH_USER_PATHS = NO;
				CLANG_ANALYZER_NONNULL = YES;
				CLANG_CXX_LANGUAGE_STANDARD = "gnu++0x";
				CLANG_CXX_LIBRARY = "libc++";
				CLANG_ENABLE_MODULES = YES;
				CLANG_ENABLE_OBJC_ARC = YES;
				CLANG_WARN_BOOL_CONVERSION = YES;
				CLANG_WARN_CONSTANT_CONVERSION = YES;
				CLANG_WARN_DIRECT_OBJC_ISA_USAGE = YES_ERROR;
				CLANG_WARN_EMPTY_BODY = YES;
				CLANG_WARN_ENUM_CONVERSION = YES;
				CLANG_WARN_INT_CONVERSION = YES;
				CLANG_WARN_OBJC_ROOT_CLASS = YES_ERROR;
				CLANG_WARN_UNREACHABLE_CODE = YES;
				CLANG_WARN__DUPLICATE_METHOD_MATCH = YES;
				"CODE_SIGN_IDENTITY[sdk=iphoneos*]" = "iPhone Developer";
				COPY_PHASE_STRIP = NO;
				DEBUG_INFORMATION_FORMAT = "dwarf-with-dsym";
				ENABLE_NS_ASSERTIONS = NO;
				ENABLE_STRICT_OBJC_MSGSEND = YES;
				GCC_C_LANGUAGE_STANDARD = gnu99;
				GCC_NO_COMMON_BLOCKS = YES;
				GCC_WARN_64_TO_32_BIT_CONVERSION = YES;
				GCC_WARN_ABOUT_RETURN_TYPE = YES_ERROR;
				GCC_WARN_UNDECLARED_SELECTOR = YES;
				GCC_WARN_UNINITIALIZED_AUTOS = YES_AGGRESSIVE;
				GCC_WARN_UNUSED_FUNCTION = YES;
				GCC_WARN_UNUSED_VARIABLE = YES;
				IPHONEOS_DEPLOYMENT_TARGET = 9.3;
				MTL_ENABLE_DEBUG_INFO = NO;
				SDKROOT = iphoneos;
				TARGETED_DEVICE_FAMILY = "1,2";
				VALIDATE_PRODUCT = YES;
			};
			name = Release;
		};
		968484DB1D37E34C0011D3AE /* Debug */ = {
			isa = XCBuildConfiguration;
			baseConfigurationReference = 33614CF52150CCDDFE2C6C50 /* Pods-OnTheMap.debug.xcconfig */;
			buildSettings = {
				ASSETCATALOG_COMPILER_APPICON_NAME = AppIcon;
				FRAMEWORK_SEARCH_PATHS = (
					"$(inherited)",
					"$(PROJECT_DIR)/OnTheMap",
				);
				INFOPLIST_FILE = OnTheMap/Info.plist;
				LD_RUNPATH_SEARCH_PATHS = "$(inherited) @executable_path/Frameworks";
				PRODUCT_BUNDLE_IDENTIFIER = com.joshuadavidkelley.OnTheMap;
				PRODUCT_NAME = "$(TARGET_NAME)";
			};
			name = Debug;
		};
		968484DC1D37E34C0011D3AE /* Release */ = {
			isa = XCBuildConfiguration;
			baseConfigurationReference = 1098B4C29023652D51DA4B6C /* Pods-OnTheMap.release.xcconfig */;
			buildSettings = {
				ASSETCATALOG_COMPILER_APPICON_NAME = AppIcon;
				FRAMEWORK_SEARCH_PATHS = (
					"$(inherited)",
					"$(PROJECT_DIR)/OnTheMap",
				);
				INFOPLIST_FILE = OnTheMap/Info.plist;
				LD_RUNPATH_SEARCH_PATHS = "$(inherited) @executable_path/Frameworks";
				PRODUCT_BUNDLE_IDENTIFIER = com.joshuadavidkelley.OnTheMap;
				PRODUCT_NAME = "$(TARGET_NAME)";
			};
			name = Release;
		};
		968484DE1D37E34C0011D3AE /* Debug */ = {
			isa = XCBuildConfiguration;
			buildSettings = {
				BUNDLE_LOADER = "$(TEST_HOST)";
				INFOPLIST_FILE = OnTheMapTests/Info.plist;
				LD_RUNPATH_SEARCH_PATHS = "$(inherited) @executable_path/Frameworks @loader_path/Frameworks";
				PRODUCT_BUNDLE_IDENTIFIER = com.joshuadavidkelley.OnTheMapTests;
				PRODUCT_NAME = "$(TARGET_NAME)";
				TEST_HOST = "$(BUILT_PRODUCTS_DIR)/OnTheMap.app/OnTheMap";
			};
			name = Debug;
		};
		968484DF1D37E34C0011D3AE /* Release */ = {
			isa = XCBuildConfiguration;
			buildSettings = {
				BUNDLE_LOADER = "$(TEST_HOST)";
				INFOPLIST_FILE = OnTheMapTests/Info.plist;
				LD_RUNPATH_SEARCH_PATHS = "$(inherited) @executable_path/Frameworks @loader_path/Frameworks";
				PRODUCT_BUNDLE_IDENTIFIER = com.joshuadavidkelley.OnTheMapTests;
				PRODUCT_NAME = "$(TARGET_NAME)";
				TEST_HOST = "$(BUILT_PRODUCTS_DIR)/OnTheMap.app/OnTheMap";
			};
			name = Release;
		};
		968484E11D37E34C0011D3AE /* Debug */ = {
			isa = XCBuildConfiguration;
			buildSettings = {
				INFOPLIST_FILE = OnTheMapUITests/Info.plist;
				LD_RUNPATH_SEARCH_PATHS = "$(inherited) @executable_path/Frameworks @loader_path/Frameworks";
				PRODUCT_BUNDLE_IDENTIFIER = com.joshuadavidkelley.OnTheMapUITests;
				PRODUCT_NAME = "$(TARGET_NAME)";
				TEST_TARGET_NAME = OnTheMap;
			};
			name = Debug;
		};
		968484E21D37E34C0011D3AE /* Release */ = {
			isa = XCBuildConfiguration;
			buildSettings = {
				INFOPLIST_FILE = OnTheMapUITests/Info.plist;
				LD_RUNPATH_SEARCH_PATHS = "$(inherited) @executable_path/Frameworks @loader_path/Frameworks";
				PRODUCT_BUNDLE_IDENTIFIER = com.joshuadavidkelley.OnTheMapUITests;
				PRODUCT_NAME = "$(TARGET_NAME)";
				TEST_TARGET_NAME = OnTheMap;
			};
			name = Release;
		};
/* End XCBuildConfiguration section */

/* Begin XCConfigurationList section */
		968484AD1D37E34C0011D3AE /* Build configuration list for PBXProject "OnTheMap" */ = {
			isa = XCConfigurationList;
			buildConfigurations = (
				968484D81D37E34C0011D3AE /* Debug */,
				968484D91D37E34C0011D3AE /* Release */,
			);
			defaultConfigurationIsVisible = 0;
			defaultConfigurationName = Release;
		};
		968484DA1D37E34C0011D3AE /* Build configuration list for PBXNativeTarget "OnTheMap" */ = {
			isa = XCConfigurationList;
			buildConfigurations = (
				968484DB1D37E34C0011D3AE /* Debug */,
				968484DC1D37E34C0011D3AE /* Release */,
			);
			defaultConfigurationIsVisible = 0;
			defaultConfigurationName = Release;
		};
		968484DD1D37E34C0011D3AE /* Build configuration list for PBXNativeTarget "OnTheMapTests" */ = {
			isa = XCConfigurationList;
			buildConfigurations = (
				968484DE1D37E34C0011D3AE /* Debug */,
				968484DF1D37E34C0011D3AE /* Release */,
			);
			defaultConfigurationIsVisible = 0;
			defaultConfigurationName = Release;
		};
		968484E01D37E34C0011D3AE /* Build configuration list for PBXNativeTarget "OnTheMapUITests" */ = {
			isa = XCConfigurationList;
			buildConfigurations = (
				968484E11D37E34C0011D3AE /* Debug */,
				968484E21D37E34C0011D3AE /* Release */,
			);
			defaultConfigurationIsVisible = 0;
			defaultConfigurationName = Release;
		};
/* End XCConfigurationList section */
	};
	rootObject = 968484AA1D37E34C0011D3AE /* Project object */;
}
