PODS:
  - Bolts (1.8.4):
    - Bolts/AppLinks (= 1.8.4)
    - Bolts/Tasks (= 1.8.4)
  - Bolts/AppLinks (1.8.4):
    - Bolts/Tasks
  - Bolts/Tasks (1.8.4)
  - FacebookCore (0.1.1):
    - Bolts (~> 1.8)
    - FBSDKCoreKit (~> 4.14)
  - FacebookLogin (0.1.1):
    - Bolts (~> 1.8)
    - FacebookCore
    - FBSDKCoreKit (~> 4.14)
    - FBSDKLoginKit (~> 4.14)
  - FBSDKCoreKit (4.14.0):
    - Bolts (~> 1.7)
  - FBSDKLoginKit (4.14.0):
    - FBSDKCoreKit

DEPENDENCIES:
  - FacebookLogin

SPEC CHECKSUMS:
  Bolts: 8a7995239dbe724f9cba2248b766d48b7ebdd322
  FacebookCore: 14f27add6888c27470d42a100374e6361f4e0f79
  FacebookLogin: 748f4e621e874da3e0bf63bccf6fd1542c786a1b
  FBSDKCoreKit: 6e020b5db0b5bd1e01f5fb0902131befd129a502
  FBSDKLoginKit: da563567a108050ef83739c8c8c001ee9e25fa13

PODFILE CHECKSUM: e46d3c008f31ad8b9e955731faec2478f1b56c0b

COCOAPODS: 1.0.1
